
Microsoft Visual Studio Solution File, Format Version 12.00
# Visual Studio Version 17
VisualStudioVersion = 17.9.34728.123
MinimumVisualStudioVersion = 10.0.40219.1
Project("{9A19103F-16F7-4668-BE54-9A1E7A4F7556}") = "FUNewsManagementSystem_BE.API", "FUNewsManagementSystem_BE.API\FUNewsManagementSystem_BE.API.csproj", "{654760D3-6C71-4B09-99D8-A348C4EABC68}"
EndProject
Project("{9A19103F-16F7-4668-BE54-9A1E7A4F7556}") = "FUNewsManagementSystem.Repository", "FUNewsManagementSystem.Repository\FUNewsManagementSystem.Repository.csproj", "{F4E83AEA-58B3-47B8-9EEB-0D2077665B01}"
EndProject
Project("{9A19103F-16F7-4668-BE54-9A1E7A4F7556}") = "FUNewsManagementSystem.Service", "FUNewsManagementSystem.Service\FUNewsManagementSystem.Service.csproj", "{78D79816-CE9A-4CF3-A3AB-4ED82CCEDFDA}"
EndProject
Project("{9A19103F-16F7-4668-BE54-9A1E7A4F7556}") = "FUNewsManagementSystem_FE.MVCWebApp", "FUNewsManagementSystem_FE.MVCWebApp\FUNewsManagementSystem_FE.MVCWebApp.csproj", "{B98F3192-CB13-4C40-A0D6-FB795E4169F2}"
EndProject
Project("{FAE04EC0-301F-11D3-BF4B-00C04F79EFBC}") = "FUNewsManagementSystem_FE.RazorPageWebApp", "FUNewsManagementSystem_FE.RazorPageWebApp\FUNewsManagementSystem_FE.RazorPageWebApp.csproj", "{079E3EBD-B56F-92DA-4B72-C56468B95428}"
EndProject
Global
	GlobalSection(SolutionConfigurationPlatforms) = preSolution
		Debug|Any CPU = Debug|Any CPU
		Release|Any CPU = Release|Any CPU
	EndGlobalSection
	GlobalSection(ProjectConfigurationPlatforms) = postSolution
		{654760D3-6C71-4B09-99D8-A348C4EABC68}.Debug|Any CPU.ActiveCfg = Debug|Any CPU
		{654760D3-6C71-4B09-99D8-A348C4EABC68}.Debug|Any CPU.Build.0 = Debug|Any CPU
		{654760D3-6C71-4B09-99D8-A348C4EABC68}.Release|Any CPU.ActiveCfg = Release|Any CPU
		{654760D3-6C71-4B09-99D8-A348C4EABC68}.Release|Any CPU.Build.0 = Release|Any CPU
		{F4E83AEA-58B3-47B8-9EEB-0D2077665B01}.Debug|Any CPU.ActiveCfg = Debug|Any CPU
		{F4E83AEA-58B3-47B8-9EEB-0D2077665B01}.Debug|Any CPU.Build.0 = Debug|Any CPU
		{F4E83AEA-58B3-47B8-9EEB-0D2077665B01}.Release|Any CPU.ActiveCfg = Release|Any CPU
		{F4E83AEA-58B3-47B8-9EEB-0D2077665B01}.Release|Any CPU.Build.0 = Release|Any CPU
		{78D79816-CE9A-4CF3-A3AB-4ED82CCEDFDA}.Debug|Any CPU.ActiveCfg = Debug|Any CPU
		{78D79816-CE9A-4CF3-A3AB-4ED82CCEDFDA}.Debug|Any CPU.Build.0 = Debug|Any CPU
		{78D79816-CE9A-4CF3-A3AB-4ED82CCEDFDA}.Release|Any CPU.ActiveCfg = Release|Any CPU
		{78D79816-CE9A-4CF3-A3AB-4ED82CCEDFDA}.Release|Any CPU.Build.0 = Release|Any CPU
		{B98F3192-CB13-4C40-A0D6-FB795E4169F2}.Debug|Any CPU.ActiveCfg = Debug|Any CPU
		{B98F3192-CB13-4C40-A0D6-FB795E4169F2}.Debug|Any CPU.Build.0 = Debug|Any CPU
		{B98F3192-CB13-4C40-A0D6-FB795E4169F2}.Release|Any CPU.ActiveCfg = Release|Any CPU
		{B98F3192-CB13-4C40-A0D6-FB795E4169F2}.Release|Any CPU.Build.0 = Release|Any CPU
		{079E3EBD-B56F-92DA-4B72-C56468B95428}.Debug|Any CPU.ActiveCfg = Debug|Any CPU
		{079E3EBD-B56F-92DA-4B72-C56468B95428}.Debug|Any CPU.Build.0 = Debug|Any CPU
		{079E3EBD-B56F-92DA-4B72-C56468B95428}.Release|Any CPU.ActiveCfg = Release|Any CPU
		{079E3EBD-B56F-92DA-4B72-C56468B95428}.Release|Any CPU.Build.0 = Release|Any CPU
	EndGlobalSection
	GlobalSection(SolutionProperties) = preSolution
		HideSolutionNode = FALSE
	EndGlobalSection
	GlobalSection(ExtensibilityGlobals) = postSolution
		SolutionGuid = {B34F2AEA-3776-4FCB-9126-E5E847F209C5}
	EndGlobalSection
EndGlobal
